{
  "nodes": {
    "fast-syntax-highlighting": {
      "flake": false,
      "locked": {
        "lastModified": 1752660993,
        "narHash": "sha256-ZihUL4JAVk9V+IELSakytlb24BvEEJ161CQEHZYYoSA=",
        "owner": "zdharma-continuum",
        "repo": "fast-syntax-highlighting",
        "rev": "3d574ccf48804b10dca52625df13da5edae7f553",
        "type": "github"
      },
      "original": {
        "owner": "zdharma-continuum",
        "repo": "fast-syntax-highlighting",
        "type": "github"
      }
    },
    "fzf-tab": {
      "flake": false,
      "locked": {
        "lastModified": 1773747553,
        "narHash": "sha256-yvPQyuK4Dw+LkwxrkWTRcw4PIf/79fW61jWbEg8Pe9Y=",
        "owner": "Aloxaf",
        "repo": "fzf-tab",
        "rev": "0983009f8666f11e91a2ee1f88cfdb748d14f656",
        "type": "github"
      },
      "original": {
        "owner": "Aloxaf",
        "repo": "fzf-tab",
        "type": "github"
      }
    },
    "root": {
      "inputs": {
        "fast-syntax-highlighting": "fast-syntax-highlighting",
        "fzf-tab": "fzf-tab",
        "zsh-autosuggestions": "zsh-autosuggestions",
        "zsh-nix-shell": "zsh-nix-shell"
      }
    },
    "zsh-autosuggestions": {
      "flake": false,
      "locked": {
        "lastModified": 1750781703,
        "narHash": "sha256-KmkXgK1J6iAyb1FtF/gOa0adUnh1pgFsgQOUnNngBaE=",
        "owner": "zsh-users",
        "repo": "zsh-autosuggestions",
        "rev": "85919cd1ffa7d2d5412f6d3fe437ebdbeeec4fc5",
        "type": "github"
      },
      "original": {
        "owner": "zsh-users",
        "repo": "zsh-autosuggestions",
        "type": "github"
      }
    },
    "zsh-nix-shell": {
      "flake": false,
      "locked": {
        "lastModified": 1704028593,
        "narHash": "sha256-Rtg8kWVLhXRuD2/Ctbtgz9MQCtKZOLpAIdommZhXKdE=",
        "owner": "chisui",
        "repo": "zsh-nix-shell",
        "rev": "82ca15e638cc208e6d8368e34a1625ed75e08f90",
        "type": "github"
      },
      "original": {
        "owner": "chisui",
        "repo": "zsh-nix-shell",
        "type": "github"
      }
    }
  },
  "root": "root",
  "version": 7
}
